# This file is generated by running "yarn install" inside your project.
# Manual changes might be lost - proceed with caution!

__metadata:
  version: 4

"@types/arangodb@npm:^3.5.3":
  version: 3.5.3
  resolution: "@types/arangodb@npm:3.5.3"
  dependencies:
    "@types/node": "*"
    graphql: ^14.5.3
  checksum: 603850397b3d488a40255fb839dede0ef71bed575fc0666342e704192972aa177450242d56675ef884ad485e30e1c900a910ca5182425ed37afd40e1b417f941
  languageName: node
  linkType: hard

"@types/node@npm:*":
  version: 13.5.0
  resolution: "@types/node@npm:13.5.0"
  checksum: c168b6228f3a0845fa7530169b5c25dfce069f5cd315ebaade02875eaadbea8eca8dc1337b6b1996ee268b1d649aaef89c2aafa452b2b24f4235eaecf83b4941
  languageName: node
  linkType: hard

"graphql@npm:^14.5.3":
  version: 14.6.0
  resolution: "graphql@npm:14.6.0"
  dependencies:
    iterall: ^1.2.2
  checksum: e687f7553f82794746b42ee4386ad8c5f5a002763d38fddfb39f7594f4807e1787accbc7da013925e3c020c0f043d2e9b436dfb41382fedac7d5aad082b2917a
  languageName: node
  linkType: hard

"iterall@npm:^1.2.2":
  version: 1.3.0
  resolution: "iterall@npm:1.3.0"
  checksum: ae55e4bdb8d0ad2276dbd4960a5e1c1edb3b2308e0b3d54b8a5146796ec7e11593c7f5a41bf6e0d1a2e3fa6ee6e381aa014fc6175d4118fd439402b82b848d28
  languageName: node
  linkType: hard

"types@workspace:.":
  version: 0.0.0-use.local
  resolution: "types@workspace:."
  dependencies:
    "@types/arangodb": ^3.5.3
  languageName: unknown
  linkType: soft
